// !$*UTF8*$!
{
	archiveVersion = 1;
	classes = {
	};
	objectVersion = 46;
	objects = {

/* Begin PBXBuildFile section */
		8E0CFAC91A311154001BD54D /* Crossword.m in Sources */ = {isa = PBXBuildFile; fileRef = 8E0CFAC81A311154001BD54D /* Crossword.m */; };
		8E0CFACC1A3111CD001BD54D /* Crossword+CoreData_CRUD.m in Sources */ = {isa = PBXBuildFile; fileRef = 8E0CFACB1A3111CD001BD54D /* Crossword+CoreData_CRUD.m */; };
		8E20D1051A2B33A300229BBA /* libsqlite3.dylib in Frameworks */ = {isa = PBXBuildFile; fileRef = 8E20D1041A2B33A300229BBA /* libsqlite3.dylib */; };
		8E20D1091A2B3F7000229BBA /* CrosswordTO.m in Sources */ = {isa = PBXBuildFile; fileRef = 8E20D1081A2B3F7000229BBA /* CrosswordTO.m */; };
		8E5BAA9E1A2B321000CCF1DA /* main.m in Sources */ = {isa = PBXBuildFile; fileRef = 8E5BAA9D1A2B321000CCF1DA /* main.m */; };
		8E5BAAA11A2B321000CCF1DA /* AppDelegate.m in Sources */ = {isa = PBXBuildFile; fileRef = 8E5BAAA01A2B321000CCF1DA /* AppDelegate.m */; };
		8E5BAAA41A2B321000CCF1DA /* CrosswordSolver.xcdatamodeld in Sources */ = {isa = PBXBuildFile; fileRef = 8E5BAAA21A2B321000CCF1DA /* CrosswordSolver.xcdatamodeld */; };
		8E5BAAAA1A2B321000CCF1DA /* Main.storyboard in Resources */ = {isa = PBXBuildFile; fileRef = 8E5BAAA81A2B321000CCF1DA /* Main.storyboard */; };
		8E5BAAAC1A2B321000CCF1DA /* Images.xcassets in Resources */ = {isa = PBXBuildFile; fileRef = 8E5BAAAB1A2B321000CCF1DA /* Images.xcassets */; };
		8E5BAAAF1A2B321000CCF1DA /* LaunchScreen.xib in Resources */ = {isa = PBXBuildFile; fileRef = 8E5BAAAD1A2B321000CCF1DA /* LaunchScreen.xib */; };
		8E5BAABB1A2B321000CCF1DA /* CrosswordSolverTests.m in Sources */ = {isa = PBXBuildFile; fileRef = 8E5BAABA1A2B321000CCF1DA /* CrosswordSolverTests.m */; };
		8E5BAAC51A2B325000CCF1DA /* crossword.db in Resources */ = {isa = PBXBuildFile; fileRef = 8E5BAAC41A2B325000CCF1DA /* crossword.db */; };
		8E5BAACC1A2B333000CCF1DA /* DBAccess.m in Sources */ = {isa = PBXBuildFile; fileRef = 8E5BAACB1A2B333000CCF1DA /* DBAccess.m */; };
		8EED25E91A32310100283AF9 /* CrosswordsListViewController.m in Sources */ = {isa = PBXBuildFile; fileRef = 8EED25E81A32310100283AF9 /* CrosswordsListViewController.m */; };
		8EED25EE1A323E7600283AF9 /* ActivityIndicatorView.m in Sources */ = {isa = PBXBuildFile; fileRef = 8EED25ED1A323E7600283AF9 /* ActivityIndicatorView.m */; };
		8EED25F21A32458200283AF9 /* PersistenceManager.m in Sources */ = {isa = PBXBuildFile; fileRef = 8EED25F11A32458200283AF9 /* PersistenceManager.m */; };
/* End PBXBuildFile section */

/* Begin PBXContainerItemProxy section */
		8E5BAAB51A2B321000CCF1DA /* PBXContainerItemProxy */ = {
			isa = PBXContainerItemProxy;
			containerPortal = 8E5BAA901A2B320F00CCF1DA /* Project object */;
			proxyType = 1;
			remoteGlobalIDString = 8E5BAA971A2B321000CCF1DA;
			remoteInfo = CrosswordSolver;
		};
/* End PBXContainerItemProxy section */

/* Begin PBXFileReference section */
		8E0CFAC71A311154001BD54D /* Crossword.h */ = {isa = PBXFileReference; fileEncoding = 4; lastKnownFileType = sourcecode.c.h; path = Crossword.h; sourceTree = "<group>"; };
		8E0CFAC81A311154001BD54D /* Crossword.m */ = {isa = PBXFileReference; fileEncoding = 4; lastKnownFileType = sourcecode.c.objc; path = Crossword.m; sourceTree = "<group>"; };
		8E0CFACA1A3111CD001BD54D /* Crossword+CoreData_CRUD.h */ = {isa = PBXFileReference; fileEncoding = 4; lastKnownFileType = sourcecode.c.h; path = "Crossword+CoreData_CRUD.h"; sourceTree = "<group>"; };
		8E0CFACB1A3111CD001BD54D /* Crossword+CoreData_CRUD.m */ = {isa = PBXFileReference; fileEncoding = 4; lastKnownFileType = sourcecode.c.objc; path = "Crossword+CoreData_CRUD.m"; sourceTree = "<group>"; };
		8E20D1041A2B33A300229BBA /* libsqlite3.dylib */ = {isa = PBXFileReference; lastKnownFileType = "compiled.mach-o.dylib"; name = libsqlite3.dylib; path = usr/lib/libsqlite3.dylib; sourceTree = SDKROOT; };
		8E20D1071A2B3F7000229BBA /* CrosswordTO.h */ = {isa = PBXFileReference; fileEncoding = 4; lastKnownFileType = sourcecode.c.h; name = CrosswordTO.h; path = Model/CrosswordTO.h; sourceTree = "<group>"; };
		8E20D1081A2B3F7000229BBA /* CrosswordTO.m */ = {isa = PBXFileReference; fileEncoding = 4; lastKnownFileType = sourcecode.c.objc; name = CrosswordTO.m; path = Model/CrosswordTO.m; sourceTree = "<group>"; };
		8E5BAA981A2B321000CCF1DA /* CrosswordSolver.app */ = {isa = PBXFileReference; explicitFileType = wrapper.application; includeInIndex = 0; path = CrosswordSolver.app; sourceTree = BUILT_PRODUCTS_DIR; };
		8E5BAA9C1A2B321000CCF1DA /* Info.plist */ = {isa = PBXFileReference; lastKnownFileType = text.plist.xml; path = Info.plist; sourceTree = "<group>"; };
		8E5BAA9D1A2B321000CCF1DA /* main.m */ = {isa = PBXFileReference; lastKnownFileType = sourcecode.c.objc; path = main.m; sourceTree = "<group>"; };
		8E5BAA9F1A2B321000CCF1DA /* AppDelegate.h */ = {isa = PBXFileReference; lastKnownFileType = sourcecode.c.h; path = AppDelegate.h; sourceTree = "<group>"; };
		8E5BAAA01A2B321000CCF1DA /* AppDelegate.m */ = {isa = PBXFileReference; lastKnownFileType = sourcecode.c.objc; path = AppDelegate.m; sourceTree = "<group>"; };
		8E5BAAA31A2B321000CCF1DA /* CrosswordSolver.xcdatamodel */ = {isa = PBXFileReference; lastKnownFileType = wrapper.xcdatamodel; path = CrosswordSolver.xcdatamodel; sourceTree = "<group>"; };
		8E5BAAA91A2B321000CCF1DA /* Base */ = {isa = PBXFileReference; lastKnownFileType = file.storyboard; name = Base; path = Base.lproj/Main.storyboard; sourceTree = "<group>"; };
		8E5BAAAB1A2B321000CCF1DA /* Images.xcassets */ = {isa = PBXFileReference; lastKnownFileType = folder.assetcatalog; path = Images.xcassets; sourceTree = "<group>"; };
		8E5BAAAE1A2B321000CCF1DA /* Base */ = {isa = PBXFileReference; lastKnownFileType = file.xib; name = Base; path = Base.lproj/LaunchScreen.xib; sourceTree = "<group>"; };
		8E5BAAB41A2B321000CCF1DA /* CrosswordSolverTests.xctest */ = {isa = PBXFileReference; explicitFileType = wrapper.cfbundle; includeInIndex = 0; path = CrosswordSolverTests.xctest; sourceTree = BUILT_PRODUCTS_DIR; };
		8E5BAAB91A2B321000CCF1DA /* Info.plist */ = {isa = PBXFileReference; lastKnownFileType = text.plist.xml; path = Info.plist; sourceTree = "<group>"; };
		8E5BAABA1A2B321000CCF1DA /* CrosswordSolverTests.m */ = {isa = PBXFileReference; lastKnownFileType = sourcecode.c.objc; path = CrosswordSolverTests.m; sourceTree = "<group>"; };
		8E5BAAC41A2B325000CCF1DA /* crossword.db */ = {isa = PBXFileReference; lastKnownFileType = file; path = crossword.db; sourceTree = "<group>"; };
		8E5BAACA1A2B333000CCF1DA /* DBAccess.h */ = {isa = PBXFileReference; fileEncoding = 4; lastKnownFileType = sourcecode.c.h; name = DBAccess.h; path = Database/DBAccess.h; sourceTree = "<group>"; };
		8E5BAACB1A2B333000CCF1DA /* DBAccess.m */ = {isa = PBXFileReference; fileEncoding = 4; lastKnownFileType = sourcecode.c.objc; name = DBAccess.m; path = Database/DBAccess.m; sourceTree = "<group>"; };
		8EED25E71A32310100283AF9 /* CrosswordsListViewController.h */ = {isa = PBXFileReference; fileEncoding = 4; lastKnownFileType = sourcecode.c.h; name = CrosswordsListViewController.h; path = Controllers/CrosswordsListViewController.h; sourceTree = "<group>"; };
		8EED25E81A32310100283AF9 /* CrosswordsListViewController.m */ = {isa = PBXFileReference; fileEncoding = 4; lastKnownFileType = sourcecode.c.objc; name = CrosswordsListViewController.m; path = Controllers/CrosswordsListViewController.m; sourceTree = "<group>"; };
		8EED25EC1A323E7600283AF9 /* ActivityIndicatorView.h */ = {isa = PBXFileReference; fileEncoding = 4; lastKnownFileType = sourcecode.c.h; path = ActivityIndicatorView.h; sourceTree = "<group>"; };
		8EED25ED1A323E7600283AF9 /* ActivityIndicatorView.m */ = {isa = PBXFileReference; fileEncoding = 4; lastKnownFileType = sourcecode.c.objc; path = ActivityIndicatorView.m; sourceTree = "<group>"; };
		8EED25F01A32458200283AF9 /* PersistenceManager.h */ = {isa = PBXFileReference; fileEncoding = 4; lastKnownFileType = sourcecode.c.h; name = PersistenceManager.h; path = Services/PersistenceManager.h; sourceTree = "<group>"; };
		8EED25F11A32458200283AF9 /* PersistenceManager.m */ = {isa = PBXFileReference; fileEncoding = 4; lastKnownFileType = sourcecode.c.objc; name = PersistenceManager.m; path = Services/PersistenceManager.m; sourceTree = "<group>"; };
/* End PBXFileReference section */

/* Begin PBXFrameworksBuildPhase section */
		8E5BAA951A2B321000CCF1DA /* Frameworks */ = {
			isa = PBXFrameworksBuildPhase;
			buildActionMask = 2147483647;
			files = (
				8E20D1051A2B33A300229BBA /* libsqlite3.dylib in Frameworks */,
			);
			runOnlyForDeploymentPostprocessing = 0;
		};
		8E5BAAB11A2B321000CCF1DA /* Frameworks */ = {
			isa = PBXFrameworksBuildPhase;
			buildActionMask = 2147483647;
			files = (
			);
			runOnlyForDeploymentPostprocessing = 0;
		};
/* End PBXFrameworksBuildPhase section */

/* Begin PBXGroup section */
		8E0CFAC61A311154001BD54D /* CoreData */ = {
			isa = PBXGroup;
			children = (
				8E0CFAC71A311154001BD54D /* Crossword.h */,
				8E0CFAC81A311154001BD54D /* Crossword.m */,
				8E0CFACA1A3111CD001BD54D /* Crossword+CoreData_CRUD.h */,
				8E0CFACB1A3111CD001BD54D /* Crossword+CoreData_CRUD.m */,
			);
			path = CoreData;
			sourceTree = "<group>";
		};
		8E20D1061A2B3F5100229BBA /* Model */ = {
			isa = PBXGroup;
			children = (
				8E20D1071A2B3F7000229BBA /* CrosswordTO.h */,
				8E20D1081A2B3F7000229BBA /* CrosswordTO.m */,
			);
			name = Model;
			sourceTree = "<group>";
		};
		8E4A0AE11A2E701800ACEF4D /* AppDelegate */ = {
			isa = PBXGroup;
			children = (
				8E5BAA9F1A2B321000CCF1DA /* AppDelegate.h */,
				8E5BAAA01A2B321000CCF1DA /* AppDelegate.m */,
			);
			name = AppDelegate;
			sourceTree = "<group>";
		};
		8E5BAA8F1A2B320F00CCF1DA = {
			isa = PBXGroup;
			children = (
				8E5BAA9A1A2B321000CCF1DA /* CrosswordSolver */,
				8E5BAAB71A2B321000CCF1DA /* CrosswordSolverTests */,
				8E5BAA991A2B321000CCF1DA /* Products */,
			);
			sourceTree = "<group>";
		};
		8E5BAA991A2B321000CCF1DA /* Products */ = {
			isa = PBXGroup;
			children = (
				8E5BAA981A2B321000CCF1DA /* CrosswordSolver.app */,
				8E5BAAB41A2B321000CCF1DA /* CrosswordSolverTests.xctest */,
			);
			name = Products;
			sourceTree = "<group>";
		};
		8E5BAA9A1A2B321000CCF1DA /* CrosswordSolver */ = {
			isa = PBXGroup;
			children = (
				8EAB44071A33B45D00FDE650 /* UserInterface */,
				8EED25EF1A32453200283AF9 /* Services */,
				8E4A0AE11A2E701800ACEF4D /* AppDelegate */,
				8E20D1061A2B3F5100229BBA /* Model */,
				8E5BAAC61A2B326D00CCF1DA /* Database */,
				8E5BAA9B1A2B321000CCF1DA /* Supporting Files */,
			);
			path = CrosswordSolver;
			sourceTree = "<group>";
		};
		8E5BAA9B1A2B321000CCF1DA /* Supporting Files */ = {
			isa = PBXGroup;
			children = (
				8E5BAA9C1A2B321000CCF1DA /* Info.plist */,
				8E5BAA9D1A2B321000CCF1DA /* main.m */,
			);
			name = "Supporting Files";
			sourceTree = "<group>";
		};
		8E5BAAB71A2B321000CCF1DA /* CrosswordSolverTests */ = {
			isa = PBXGroup;
			children = (
				8E5BAABA1A2B321000CCF1DA /* CrosswordSolverTests.m */,
				8E5BAAB81A2B321000CCF1DA /* Supporting Files */,
			);
			path = CrosswordSolverTests;
			sourceTree = "<group>";
		};
		8E5BAAB81A2B321000CCF1DA /* Supporting Files */ = {
			isa = PBXGroup;
			children = (
				8E5BAAB91A2B321000CCF1DA /* Info.plist */,
			);
			name = "Supporting Files";
			sourceTree = "<group>";
		};
		8E5BAAC61A2B326D00CCF1DA /* Database */ = {
			isa = PBXGroup;
			children = (
				8E0CFAC61A311154001BD54D /* CoreData */,
				8E5BAAC41A2B325000CCF1DA /* crossword.db */,
				8E5BAAA21A2B321000CCF1DA /* CrosswordSolver.xcdatamodeld */,
				8E20D1041A2B33A300229BBA /* libsqlite3.dylib */,
				8E5BAACA1A2B333000CCF1DA /* DBAccess.h */,
				8E5BAACB1A2B333000CCF1DA /* DBAccess.m */,
			);
			name = Database;
			sourceTree = "<group>";
		};
		8EAB44071A33B45D00FDE650 /* UserInterface */ = {
			isa = PBXGroup;
			children = (
				8E5BAAAB1A2B321000CCF1DA /* Images.xcassets */,
				8E5BAAA81A2B321000CCF1DA /* Main.storyboard */,
				8E5BAAAD1A2B321000CCF1DA /* LaunchScreen.xib */,
				8EED25E61A32307300283AF9 /* Controllers */,
				8EED25EA1A323E7600283AF9 /* Views */,
			);
			name = UserInterface;
			sourceTree = "<group>";
		};
		8EED25E61A32307300283AF9 /* Controllers */ = {
			isa = PBXGroup;
			children = (
				8EED25E71A32310100283AF9 /* CrosswordsListViewController.h */,
				8EED25E81A32310100283AF9 /* CrosswordsListViewController.m */,
			);
			name = Controllers;
			sourceTree = "<group>";
		};
		8EED25EA1A323E7600283AF9 /* Views */ = {
			isa = PBXGroup;
			children = (
				8EED25EB1A323E7600283AF9 /* ActivityIndicator */,
			);
			path = Views;
			sourceTree = "<group>";
		};
		8EED25EB1A323E7600283AF9 /* ActivityIndicator */ = {
			isa = PBXGroup;
			children = (
				8EED25EC1A323E7600283AF9 /* ActivityIndicatorView.h */,
				8EED25ED1A323E7600283AF9 /* ActivityIndicatorView.m */,
			);
			path = ActivityIndicator;
			sourceTree = "<group>";
		};
		8EED25EF1A32453200283AF9 /* Services */ = {
			isa = PBXGroup;
			children = (
				8EED25F01A32458200283AF9 /* PersistenceManager.h */,
				8EED25F11A32458200283AF9 /* PersistenceManager.m */,
			);
			name = Services;
			sourceTree = "<group>";
		};
/* End PBXGroup section */

/* Begin PBXNativeTarget section */
		8E5BAA971A2B321000CCF1DA /* CrosswordSolver */ = {
			isa = PBXNativeTarget;
			buildConfigurationList = 8E5BAABE1A2B321000CCF1DA /* Build configuration list for PBXNativeTarget "CrosswordSolver" */;
			buildPhases = (
				8E5BAA941A2B321000CCF1DA /* Sources */,
				8E5BAA951A2B321000CCF1DA /* Frameworks */,
				8E5BAA961A2B321000CCF1DA /* Resources */,
			);
			buildRules = (
			);
			dependencies = (
			);
			name = CrosswordSolver;
			productName = CrosswordSolver;
			productReference = 8E5BAA981A2B321000CCF1DA /* CrosswordSolver.app */;
			productType = "com.apple.product-type.application";
		};
		8E5BAAB31A2B321000CCF1DA /* CrosswordSolverTests */ = {
			isa = PBXNativeTarget;
			buildConfigurationList = 8E5BAAC11A2B321000CCF1DA /* Build configuration list for PBXNativeTarget "CrosswordSolverTests" */;
			buildPhases = (
				8E5BAAB01A2B321000CCF1DA /* Sources */,
				8E5BAAB11A2B321000CCF1DA /* Frameworks */,
				8E5BAAB21A2B321000CCF1DA /* Resources */,
			);
			buildRules = (
			);
			dependencies = (
				8E5BAAB61A2B321000CCF1DA /* PBXTargetDependency */,
			);
			name = CrosswordSolverTests;
			productName = CrosswordSolverTests;
			productReference = 8E5BAAB41A2B321000CCF1DA /* CrosswordSolverTests.xctest */;
			productType = "com.apple.product-type.bundle.unit-test";
		};
/* End PBXNativeTarget section */

/* Begin PBXProject section */
		8E5BAA901A2B320F00CCF1DA /* Project object */ = {
			isa = PBXProject;
			attributes = {
				LastUpgradeCheck = 0610;
				ORGANIZATIONNAME = "Kamil Czopek";
				TargetAttributes = {
					8E5BAA971A2B321000CCF1DA = {
						CreatedOnToolsVersion = 6.1;
					};
					8E5BAAB31A2B321000CCF1DA = {
						CreatedOnToolsVersion = 6.1;
						TestTargetID = 8E5BAA971A2B321000CCF1DA;
					};
				};
			};
			buildConfigurationList = 8E5BAA931A2B320F00CCF1DA /* Build configuration list for PBXProject "CrosswordSolver" */;
			compatibilityVersion = "Xcode 3.2";
			developmentRegion = English;
			hasScannedForEncodings = 0;
			knownRegions = (
				en,
				Base,
			);
			mainGroup = 8E5BAA8F1A2B320F00CCF1DA;
			productRefGroup = 8E5BAA991A2B321000CCF1DA /* Products */;
			projectDirPath = "";
			projectRoot = "";
			targets = (
				8E5BAA971A2B321000CCF1DA /* CrosswordSolver */,
				8E5BAAB31A2B321000CCF1DA /* CrosswordSolverTests */,
			);
		};
/* End PBXProject section */

/* Begin PBXResourcesBuildPhase section */
		8E5BAA961A2B321000CCF1DA /* Resources */ = {
			isa = PBXResourcesBuildPhase;
			buildActionMask = 2147483647;
			files = (
				8E5BAAAA1A2B321000CCF1DA /* Main.storyboard in Resources */,
				8E5BAAAF1A2B321000CCF1DA /* LaunchScreen.xib in Resources */,
				8E5BAAC51A2B325000CCF1DA /* crossword.db in Resources */,
				8E5BAAAC1A2B321000CCF1DA /* Images.xcassets in Resources */,
			);
			runOnlyForDeploymentPostprocessing = 0;
		};
		8E5BAAB21A2B321000CCF1DA /* Resources */ = {
			isa = PBXResourcesBuildPhase;
			buildActionMask = 2147483647;
			files = (
			);
			runOnlyForDeploymentPostprocessing = 0;
		};
/* End PBXResourcesBuildPhase section */

/* Begin PBXSourcesBuildPhase section */
		8E5BAA941A2B321000CCF1DA /* Sources */ = {
			isa = PBXSourcesBuildPhase;
			buildActionMask = 2147483647;
			files = (
				8E5BAAA41A2B321000CCF1DA /* CrosswordSolver.xcdatamodeld in Sources */,
				8EED25EE1A323E7600283AF9 /* ActivityIndicatorView.m in Sources */,
				8E20D1091A2B3F7000229BBA /* CrosswordTO.m in Sources */,
				8E5BAAA11A2B321000CCF1DA /* AppDelegate.m in Sources */,
				8E5BAACC1A2B333000CCF1DA /* DBAccess.m in Sources */,
				8E0CFAC91A311154001BD54D /* Crossword.m in Sources */,
				8E0CFACC1A3111CD001BD54D /* Crossword+CoreData_CRUD.m in Sources */,
				8EED25E91A32310100283AF9 /* CrosswordsListViewController.m in Sources */,
				8EED25F21A32458200283AF9 /* PersistenceManager.m in Sources */,
				8E5BAA9E1A2B321000CCF1DA /* main.m in Sources */,
			);
			runOnlyForDeploymentPostprocessing = 0;
		};
		8E5BAAB01A2B321000CCF1DA /* Sources */ = {
			isa = PBXSourcesBuildPhase;
			buildActionMask = 2147483647;
			files = (
				8E5BAABB1A2B321000CCF1DA /* CrosswordSolverTests.m in Sources */,
			);
			runOnlyForDeploymentPostprocessing = 0;
		};
/* End PBXSourcesBuildPhase section */

/* Begin PBXTargetDependency section */
		8E5BAAB61A2B321000CCF1DA /* PBXTargetDependency */ = {
			isa = PBXTargetDependency;
			target = 8E5BAA971A2B321000CCF1DA /* CrosswordSolver */;
			targetProxy = 8E5BAAB51A2B321000CCF1DA /* PBXContainerItemProxy */;
		};
/* End PBXTargetDependency section */

/* Begin PBXVariantGroup section */
		8E5BAAA81A2B321000CCF1DA /* Main.storyboard */ = {
			isa = PBXVariantGroup;
			children = (
				8E5BAAA91A2B321000CCF1DA /* Base */,
			);
			name = Main.storyboard;
			sourceTree = "<group>";
		};
		8E5BAAAD1A2B321000CCF1DA /* LaunchScreen.xib */ = {
			isa = PBXVariantGroup;
			children = (
				8E5BAAAE1A2B321000CCF1DA /* Base */,
			);
			name = LaunchScreen.xib;
			sourceTree = "<group>";
		};
/* End PBXVariantGroup section */

/* Begin XCBuildConfiguration section */
		8E5BAABC1A2B321000CCF1DA /* Debug */ = {
			isa = XCBuildConfiguration;
			buildSettings = {
				ALWAYS_SEARCH_USER_PATHS = NO;
				CLANG_CXX_LANGUAGE_STANDARD = "gnu++0x";
				CLANG_CXX_LIBRARY = "libc++";
				CLANG_ENABLE_MODULES = YES;
				CLANG_ENABLE_OBJC_ARC = YES;
				CLANG_WARN_BOOL_CONVERSION = YES;
				CLANG_WARN_CONSTANT_CONVERSION = YES;
				CLANG_WARN_DIRECT_OBJC_ISA_USAGE = YES_ERROR;
				CLANG_WARN_EMPTY_BODY = YES;
				CLANG_WARN_ENUM_CONVERSION = YES;
				CLANG_WARN_INT_CONVERSION = YES;
				CLANG_WARN_OBJC_ROOT_CLASS = YES_ERROR;
				CLANG_WARN_UNREACHABLE_CODE = YES;
				CLANG_WARN__DUPLICATE_METHOD_MATCH = YES;
				"CODE_SIGN_IDENTITY[sdk=iphoneos*]" = "iPhone Developer";
				COPY_PHASE_STRIP = NO;
				ENABLE_STRICT_OBJC_MSGSEND = YES;
				GCC_C_LANGUAGE_STANDARD = gnu99;
				GCC_DYNAMIC_NO_PIC = NO;
				GCC_OPTIMIZATION_LEVEL = 0;
				GCC_PREPROCESSOR_DEFINITIONS = (
					"DEBUG=1",
					"$(inherited)",
				);
				GCC_SYMBOLS_PRIVATE_EXTERN = NO;
				GCC_WARN_64_TO_32_BIT_CONVERSION = YES;
				GCC_WARN_ABOUT_RETURN_TYPE = YES_ERROR;
				GCC_WARN_UNDECLARED_SELECTOR = YES;
				GCC_WARN_UNINITIALIZED_AUTOS = YES_AGGRESSIVE;
				GCC_WARN_UNUSED_FUNCTION = YES;
				GCC_WARN_UNUSED_VARIABLE = YES;
				IPHONEOS_DEPLOYMENT_TARGET = 8.1;
				MTL_ENABLE_DEBUG_INFO = YES;
				ONLY_ACTIVE_ARCH = YES;
				SDKROOT = iphoneos;
			};
			name = Debug;
		};
		8E5BAABD1A2B321000CCF1DA /* Release */ = {
			isa = XCBuildConfiguration;
			buildSettings = {
				ALWAYS_SEARCH_USER_PATHS = NO;
				CLANG_CXX_LANGUAGE_STANDARD = "gnu++0x";
				CLANG_CXX_LIBRARY = "libc++";
				CLANG_ENABLE_MODULES = YES;
				CLANG_ENABLE_OBJC_ARC = YES;
				CLANG_WARN_BOOL_CONVERSION = YES;
				CLANG_WARN_CONSTANT_CONVERSION = YES;
				CLANG_WARN_DIRECT_OBJC_ISA_USAGE = YES_ERROR;
				CLANG_WARN_EMPTY_BODY = YES;
				CLANG_WARN_ENUM_CONVERSION = YES;
				CLANG_WARN_INT_CONVERSION = YES;
				CLANG_WARN_OBJC_ROOT_CLASS = YES_ERROR;
				CLANG_WARN_UNREACHABLE_CODE = YES;
				CLANG_WARN__DUPLICATE_METHOD_MATCH = YES;
				"CODE_SIGN_IDENTITY[sdk=iphoneos*]" = "iPhone Developer";
				COPY_PHASE_STRIP = YES;
				ENABLE_NS_ASSERTIONS = NO;
				ENABLE_STRICT_OBJC_MSGSEND = YES;
				GCC_C_LANGUAGE_STANDARD = gnu99;
				GCC_WARN_64_TO_32_BIT_CONVERSION = YES;
				GCC_WARN_ABOUT_RETURN_TYPE = YES_ERROR;
				GCC_WARN_UNDECLARED_SELECTOR = YES;
				GCC_WARN_UNINITIALIZED_AUTOS = YES_AGGRESSIVE;
				GCC_WARN_UNUSED_FUNCTION = YES;
				GCC_WARN_UNUSED_VARIABLE = YES;
				IPHONEOS_DEPLOYMENT_TARGET = 8.1;
				MTL_ENABLE_DEBUG_INFO = NO;
				SDKROOT = iphoneos;
				VALIDATE_PRODUCT = YES;
			};
			name = Release;
		};
		8E5BAABF1A2B321000CCF1DA /* Debug */ = {
			isa = XCBuildConfiguration;
			buildSettings = {
				ASSETCATALOG_COMPILER_APPICON_NAME = AppIcon;
				INFOPLIST_FILE = CrosswordSolver/Info.plist;
				LD_RUNPATH_SEARCH_PATHS = "$(inherited) @executable_path/Frameworks";
				PRODUCT_NAME = "$(TARGET_NAME)";
			};
			name = Debug;
		};
		8E5BAAC01A2B321000CCF1DA /* Release */ = {
			isa = XCBuildConfiguration;
			buildSettings = {
				ASSETCATALOG_COMPILER_APPICON_NAME = AppIcon;
				INFOPLIST_FILE = CrosswordSolver/Info.plist;
				LD_RUNPATH_SEARCH_PATHS = "$(inherited) @executable_path/Frameworks";
				PRODUCT_NAME = "$(TARGET_NAME)";
			};
			name = Release;
		};
		8E5BAAC21A2B321000CCF1DA /* Debug */ = {
			isa = XCBuildConfiguration;
			buildSettings = {
				BUNDLE_LOADER = "$(TEST_HOST)";
				FRAMEWORK_SEARCH_PATHS = (
					"$(SDKROOT)/Developer/Library/Frameworks",
					"$(inherited)",
				);
				GCC_PREPROCESSOR_DEFINITIONS = (
					"DEBUG=1",
					"$(inherited)",
				);
				INFOPLIST_FILE = CrosswordSolverTests/Info.plist;
				LD_RUNPATH_SEARCH_PATHS = "$(inherited) @executable_path/Frameworks @loader_path/Frameworks";
				PRODUCT_NAME = "$(TARGET_NAME)";
				TEST_HOST = "$(BUILT_PRODUCTS_DIR)/CrosswordSolver.app/CrosswordSolver";
			};
			name = Debug;
		};
		8E5BAAC31A2B321000CCF1DA /* Release */ = {
			isa = XCBuildConfiguration;
			buildSettings = {
				BUNDLE_LOADER = "$(TEST_HOST)";
				FRAMEWORK_SEARCH_PATHS = (
					"$(SDKROOT)/Developer/Library/Frameworks",
					"$(inherited)",
				);
				INFOPLIST_FILE = CrosswordSolverTests/Info.plist;
				LD_RUNPATH_SEARCH_PATHS = "$(inherited) @executable_path/Frameworks @loader_path/Frameworks";
				PRODUCT_NAME = "$(TARGET_NAME)";
				TEST_HOST = "$(BUILT_PRODUCTS_DIR)/CrosswordSolver.app/CrosswordSolver";
			};
			name = Release;
		};
/* End XCBuildConfiguration section */

/* Begin XCConfigurationList section */
		8E5BAA931A2B320F00CCF1DA /* Build configuration list for PBXProject "CrosswordSolver" */ = {
			isa = XCConfigurationList;
			buildConfigurations = (
				8E5BAABC1A2B321000CCF1DA /* Debug */,
				8E5BAABD1A2B321000CCF1DA /* Release */,
			);
			defaultConfigurationIsVisible = 0;
			defaultConfigurationName = Release;
		};
		8E5BAABE1A2B321000CCF1DA /* Build configuration list for PBXNativeTarget "CrosswordSolver" */ = {
			isa = XCConfigurationList;
			buildConfigurations = (
				8E5BAABF1A2B321000CCF1DA /* Debug */,
				8E5BAAC01A2B321000CCF1DA /* Release */,
			);
			defaultConfigurationIsVisible = 0;
			defaultConfigurationName = Release;
		};
		8E5BAAC11A2B321000CCF1DA /* Build configuration list for PBXNativeTarget "CrosswordSolverTests" */ = {
			isa = XCConfigurationList;
			buildConfigurations = (
				8E5BAAC21A2B321000CCF1DA /* Debug */,
				8E5BAAC31A2B321000CCF1DA /* Release */,
			);
			defaultConfigurationIsVisible = 0;
			defaultConfigurationName = Release;
		};
/* End XCConfigurationList section */

/* Begin XCVersionGroup section */
		8E5BAAA21A2B321000CCF1DA /* CrosswordSolver.xcdatamodeld */ = {
			isa = XCVersionGroup;
			children = (
				8E5BAAA31A2B321000CCF1DA /* CrosswordSolver.xcdatamodel */,
			);
			currentVersion = 8E5BAAA31A2B321000CCF1DA /* CrosswordSolver.xcdatamodel */;
			path = CrosswordSolver.xcdatamodeld;
			sourceTree = "<group>";
			versionGroupType = wrapper.xcdatamodel;
		};
/* End XCVersionGroup section */
	};
	rootObject = 8E5BAA901A2B320F00CCF1DA /* Project object */;
}
